
Microsoft Visual Studio Solution File, Format Version 12.00
# Visual Studio Version 17
VisualStudioVersion = 17.1.32421.90
MinimumVisualStudioVersion = 10.0.40219.1
Project("{FAE04EC0-301F-11D3-BF4B-00C04F79EFBC}") = "MaZur", "MaZur\MaZur.csproj", "{EB9347B2-4B69-4A01-B7EB-66AED7096909}"
EndProject
Global
	GlobalSection(SolutionConfigurationPlatforms) = preSolution
		Debug|Any CPU = Debug|Any CPU
		Release|Any CPU = Release|Any CPU
	EndGlobalSection
	GlobalSection(ProjectConfigurationPlatforms) = postSolution
		{EB9347B2-4B69-4A01-B7EB-66AED7096909}.Debug|Any CPU.ActiveCfg = Debug|Any CPU
		{EB9347B2-4B69-4A01-B7EB-66AED7096909}.Debug|Any CPU.Build.0 = Debug|Any CPU
		{EB9347B2-4B69-4A01-B7EB-66AED7096909}.Release|Any CPU.ActiveCfg = Release|Any CPU
		{EB9347B2-4B69-4A01-B7EB-66AED7096909}.Release|Any CPU.Build.0 = Release|Any CPU
	EndGlobalSection
	GlobalSection(SolutionProperties) = preSolution
		HideSolutionNode = FALSE
	EndGlobalSection
	GlobalSection(ExtensibilityGlobals) = postSolution
		SolutionGuid = {7126DDE6-A955-4AEA-AE28-49F72C173FF5}
	EndGlobalSection
EndGlobal
